Microsoft Visual Studio Solution File, Format Version 12.00
# Visual Studio Version 17
VisualStudioVersion = 17.5.2.0
MinimumVisualStudioVersion = 10.0.40219.1
Project("{FAE04EC0-301F-11D3-BF4B-00C04F79EFBC}") = "ApiNORDev", "ApiNORDev.csproj", "{4ED541ED-9EA5-A592-23C6-7A65116B63E5}"
EndProject
Global
	GlobalSection(SolutionConfigurationPlatforms) = preSolution
		Debug|Any CPU = Debug|Any CPU
		Release|Any CPU = Release|Any CPU
	EndGlobalSection
	GlobalSection(ProjectConfigurationPlatforms) = postSolution
		{4ED541ED-9EA5-A592-23C6-7A65116B63E5}.Debug|Any CPU.ActiveCfg = Debug|Any CPU
		{4ED541ED-9EA5-A592-23C6-7A65116B63E5}.Debug|Any CPU.Build.0 = Debug|Any CPU
		{4ED541ED-9EA5-A592-23C6-7A65116B63E5}.Release|Any CPU.ActiveCfg = Release|Any CPU
		{4ED541ED-9EA5-A592-23C6-7A65116B63E5}.Release|Any CPU.Build.0 = Release|Any CPU
	EndGlobalSection
	GlobalSection(SolutionProperties) = preSolution
		HideSolutionNode = FALSE
	EndGlobalSection
	GlobalSection(ExtensibilityGlobals) = postSolution
		SolutionGuid = {57B0053A-EFDD-4FA1-8A79-92201A2AF0C8}
	EndGlobalSection
EndGlobal
