Microsoft Visual Studio Solution File, Format Version 12.00
# Visual Studio Version 17
VisualStudioVersion = 17.5.2.0
MinimumVisualStudioVersion = 10.0.40219.1
Project("{FAE04EC0-301F-11D3-BF4B-00C04F79EFBC}") = "ApiNORDev", "ApiNORDev\ApiNORDev.csproj", "{8E76FB4C-F84A-72B2-CE02-CC1C6DA85CF3}"
EndProject
Global
	GlobalSection(SolutionConfigurationPlatforms) = preSolution
		Debug|Any CPU = Debug|Any CPU
		Release|Any CPU = Release|Any CPU
	EndGlobalSection
	GlobalSection(ProjectConfigurationPlatforms) = postSolution
		{8E76FB4C-F84A-72B2-CE02-CC1C6DA85CF3}.Debug|Any CPU.ActiveCfg = Debug|Any CPU
		{8E76FB4C-F84A-72B2-CE02-CC1C6DA85CF3}.Debug|Any CPU.Build.0 = Debug|Any CPU
		{8E76FB4C-F84A-72B2-CE02-CC1C6DA85CF3}.Release|Any CPU.ActiveCfg = Release|Any CPU
		{8E76FB4C-F84A-72B2-CE02-CC1C6DA85CF3}.Release|Any CPU.Build.0 = Release|Any CPU
	EndGlobalSection
	GlobalSection(SolutionProperties) = preSolution
		HideSolutionNode = FALSE
	EndGlobalSection
	GlobalSection(ExtensibilityGlobals) = postSolution
		SolutionGuid = {525F1B64-BE29-480C-A0DF-84FADE223103}
	EndGlobalSection
EndGlobal
